{
    "name": "ultratest-realtime-contract-tester",
    "version": "1.0.0",
    "lockfileVersion": 3,
    "requires": true,
    "packages": {
        "": {
            "name": "ultratest-realtime-contract-tester",
            "version": "1.0.0",
            "dependencies": {
                "@ultraos/ultratest": "../../..",
                "ultratest-genesis-plugin": "../../native/genesis",
                "ultratest-system-plugin": "../../native/system",
                "ultratest-ultra-contracts-plugin": "../../native/ultraContracts",
                "ultratest-ultra-dfuse": "../../native/dfuse",
                "ultratest-ultra-startup-plugin": "../../native/ultraStartup"
            }
        },
        "../../..": {
            "version": "1.0.0"
        },
        "../../native/dfuse": {},
        "../../native/genesis": {},
        "../../native/system": {},
        "../../native/ultraContracts": {
            "version": "1.0.0"
        },
        "../../native/ultraStartup": {
            "version": "1.0.0"
        },
        "node_modules/@ultraos/ultratest": {
            "resolved": "../../..",
            "link": true
        },
        "node_modules/ultratest-genesis-plugin": {
            "resolved": "../../native/genesis",
            "link": true
        },
        "node_modules/ultratest-system-plugin": {
            "resolved": "../../native/system",
            "link": true
        },
        "node_modules/ultratest-ultra-contracts-plugin": {
            "resolved": "../../native/ultraContracts",
            "link": true
        },
        "node_modules/ultratest-ultra-dfuse": {
            "resolved": "../../native/dfuse",
            "link": true
        },
        "node_modules/ultratest-ultra-startup-plugin": {
            "resolved": "../../native/ultraStartup",
            "link": true
        }
    }
}
